{
  "nodes": {
    "home-manager": {
      "inputs": {
        "nixpkgs": [
          "nixpkgs"
        ]
      },
      "locked": {
        "lastModified": 1688220547,
        "narHash": "sha256-cNKKLPaEOxd6t22Mt3tHGubyylbKGdoi2A3QkMTKes0=",
        "owner": "nix-community",
        "repo": "home-manager",
        "rev": "89d10f8adce369a80e046c2fd56d1e7b7507bb5b",
        "type": "github"
      },
      "original": {
        "owner": "nix-community",
        "repo": "home-manager",
        "type": "github"
      }
    },
    "impermanence": {
      "locked": {
        "lastModified": 1684264534,
        "narHash": "sha256-K0zr+ry3FwIo3rN2U/VWAkCJSgBslBisvfRIPwMbuCQ=",
        "owner": "nix-community",
        "repo": "impermanence",
        "rev": "89253fb1518063556edd5e54509c30ac3089d5e6",
        "type": "github"
      },
      "original": {
        "owner": "nix-community",
        "repo": "impermanence",
        "type": "github"
      }
    },
    "nixpkgs": {
      "locked": {
        "lastModified": 1688231357,
        "narHash": "sha256-ZOn16X5jZ6X5ror58gOJAxPfFLAQhZJ6nOUeS4tfFwo=",
        "owner": "nixos",
        "repo": "nixpkgs",
        "rev": "645ff62e09d294a30de823cb568e9c6d68e92606",
        "type": "github"
      },
      "original": {
        "owner": "nixos",
        "ref": "nixos-unstable",
        "repo": "nixpkgs",
        "type": "github"
      }
    },
    "nur": {
      "locked": {
        "lastModified": 1688287538,
        "narHash": "sha256-orAajIrUE9oRMagUBL0GoQyZ3stAoCbhXUaz84s4GNA=",
        "owner": "nix-community",
        "repo": "NUR",
        "rev": "a6288a27e0535bed283ab4904bcbc59707a6ebd7",
        "type": "github"
      },
      "original": {
        "owner": "nix-community",
        "repo": "NUR",
        "type": "github"
      }
    },
    "root": {
      "inputs": {
        "home-manager": "home-manager",
        "impermanence": "impermanence",
        "nixpkgs": "nixpkgs",
        "nur": "nur"
      }
    }
  },
  "root": "root",
  "version": 7
}
