{
  "nodes": {
    "home-manager": {
      "inputs": {
        "nixpkgs": [
          "nixpkgs"
        ]
      },
      "locked": {
        "lastModified": 1693895999,
        "narHash": "sha256-yN1XVFltQxiwle833KCqWkZNfBuRLWkXyEnOD+ljoYY=",
        "owner": "nix-community",
        "repo": "home-manager",
        "rev": "3c0e381fef63e4fbc6c3292c9e9cbcf479c01794",
        "type": "github"
      },
      "original": {
        "owner": "nix-community",
        "repo": "home-manager",
        "type": "github"
      }
    },
    "impermanence": {
      "locked": {
        "lastModified": 1690797372,
        "narHash": "sha256-GImz19e33SeVcIvBB7NnhbJSbTpFFmNtWLh7Z85Y188=",
        "owner": "nix-community",
        "repo": "impermanence",
        "rev": "e3a7acd113903269a1b5c8b527e84ce7ee859851",
        "type": "github"
      },
      "original": {
        "owner": "nix-community",
        "repo": "impermanence",
        "type": "github"
      }
    },
    "nixpkgs": {
      "locked": {
        "lastModified": 1693663421,
        "narHash": "sha256-ImMIlWE/idjcZAfxKK8sQA7A1Gi/O58u5/CJA+mxvl8=",
        "owner": "nixos",
        "repo": "nixpkgs",
        "rev": "e56990880811a451abd32515698c712788be5720",
        "type": "github"
      },
      "original": {
        "owner": "nixos",
        "ref": "nixos-unstable",
        "repo": "nixpkgs",
        "type": "github"
      }
    },
    "nur": {
      "locked": {
        "lastModified": 1693932328,
        "narHash": "sha256-7xIHcef3oktber1G+nzHwhWY63X+LNkrBpoHbj31hQ4=",
        "owner": "nix-community",
        "repo": "NUR",
        "rev": "fcd4417a2f85a29ebc24ce86df880903b03abc06",
        "type": "github"
      },
      "original": {
        "owner": "nix-community",
        "repo": "NUR",
        "type": "github"
      }
    },
    "root": {
      "inputs": {
        "home-manager": "home-manager",
        "impermanence": "impermanence",
        "nixpkgs": "nixpkgs",
        "nur": "nur"
      }
    }
  },
  "root": "root",
  "version": 7
}
